
Microsoft Visual Studio Solution File, Format Version 12.00
# Visual Studio 15
VisualStudioVersion = 15.0.28307.271
MinimumVisualStudioVersion = 10.0.40219.1
Project("{FAE04EC0-301F-11D3-BF4B-00C04F79EFBC}") = "BankRegisterApp", "BankRegisterApp\BankRegisterApp.csproj", "{A0154BBD-7445-4CC1-BC48-A74DC6475B85}"
EndProject
Global
	GlobalSection(SolutionConfigurationPlatforms) = preSolution
		Debug|Any CPU = Debug|Any CPU
		Release|Any CPU = Release|Any CPU
	EndGlobalSection
	GlobalSection(ProjectConfigurationPlatforms) = postSolution
		{A0154BBD-7445-4CC1-BC48-A74DC6475B85}.Debug|Any CPU.ActiveCfg = Debug|Any CPU
		{A0154BBD-7445-4CC1-BC48-A74DC6475B85}.Debug|Any CPU.Build.0 = Debug|Any CPU
		{A0154BBD-7445-4CC1-BC48-A74DC6475B85}.Release|Any CPU.ActiveCfg = Release|Any CPU
		{A0154BBD-7445-4CC1-BC48-A74DC6475B85}.Release|Any CPU.Build.0 = Release|Any CPU
	EndGlobalSection
	GlobalSection(SolutionProperties) = preSolution
		HideSolutionNode = FALSE
	EndGlobalSection
	GlobalSection(ExtensibilityGlobals) = postSolution
		SolutionGuid = {C1C1F591-FD53-46A4-985D-D4B37E4321F4}
	EndGlobalSection
	GlobalSection(TeamFoundationVersionControl) = preSolution
		SccNumberOfProjects = 2
		SccEnterpriseProvider = {4CA58AB2-18FA-4F8D-95D4-32DDF27D184C}
		SccTeamFoundationServer = https://cisteam.otc.edu/tfs/cs0093219
		SccLocalPath0 = .
		SccProjectUniqueName1 = BankRegisterApp\\BankRegisterApp.csproj
		SccProjectName1 = BankRegisterApp
		SccLocalPath1 = BankRegisterApp
	EndGlobalSection
EndGlobal
